// !$*UTF8*$!
{
	archiveVersion = 1;
	classes = {
	};
	objectVersion = 46;
	objects = {

/* Begin PBXBuildFile section */
		4EF220781780A0DD0053B58B /* UIKit.framework in Frameworks */ = {isa = PBXBuildFile; fileRef = 4EF220771780A0DD0053B58B /* UIKit.framework */; };
		4EF2207A1780A0DD0053B58B /* Foundation.framework in Frameworks */ = {isa = PBXBuildFile; fileRef = 4EF220791780A0DD0053B58B /* Foundation.framework */; };
		4EF2207C1780A0DD0053B58B /* CoreGraphics.framework in Frameworks */ = {isa = PBXBuildFile; fileRef = 4EF2207B1780A0DD0053B58B /* CoreGraphics.framework */; };
		4EF220821780A0DD0053B58B /* InfoPlist.strings in Resources */ = {isa = PBXBuildFile; fileRef = 4EF220801780A0DD0053B58B /* InfoPlist.strings */; };
		4EF220841780A0DD0053B58B /* main.m in Sources */ = {isa = PBXBuildFile; fileRef = 4EF220831780A0DD0053B58B /* main.m */; };
		4EF220881780A0DD0053B58B /* GDPAppDelegate.m in Sources */ = {isa = PBXBuildFile; fileRef = 4EF220871780A0DD0053B58B /* GDPAppDelegate.m */; };
		4EF2208A1780A0DD0053B58B /* Default.png in Resources */ = {isa = PBXBuildFile; fileRef = 4EF220891780A0DD0053B58B /* Default.png */; };
		4EF2208C1780A0DD0053B58B /* Default@2x.png in Resources */ = {isa = PBXBuildFile; fileRef = 4EF2208B1780A0DD0053B58B /* Default@2x.png */; };
		4EF2208E1780A0DD0053B58B /* Default-568h@2x.png in Resources */ = {isa = PBXBuildFile; fileRef = 4EF2208D1780A0DD0053B58B /* Default-568h@2x.png */; };
		4EF220911780A0DD0053B58B /* GDPViewController.m in Sources */ = {isa = PBXBuildFile; fileRef = 4EF220901780A0DD0053B58B /* GDPViewController.m */; };
		4EF220941780A0DD0053B58B /* GDPViewController.xib in Resources */ = {isa = PBXBuildFile; fileRef = 4EF220921780A0DD0053B58B /* GDPViewController.xib */; };
		4EF2209F1780A3200053B58B /* ListViewController.m in Sources */ = {isa = PBXBuildFile; fileRef = 4EF2209E1780A3200053B58B /* ListViewController.m */; };
		4EF220A21780B04B0053B58B /* GDPPredictionsResponse.m in Sources */ = {isa = PBXBuildFile; fileRef = 4EF220A11780B04B0053B58B /* GDPPredictionsResponse.m */; };
		4EF220A51780B6810053B58B /* GDPPrediction.m in Sources */ = {isa = PBXBuildFile; fileRef = 4EF220A41780B6800053B58B /* GDPPrediction.m */; };
/* End PBXBuildFile section */

/* Begin PBXFileReference section */
		4EF220741780A0DD0053B58B /* Google Destination Predictions.app */ = {isa = PBXFileReference; explicitFileType = wrapper.application; includeInIndex = 0; path = "Google Destination Predictions.app"; sourceTree = BUILT_PRODUCTS_DIR; };
		4EF220771780A0DD0053B58B /* UIKit.framework */ = {isa = PBXFileReference; lastKnownFileType = wrapper.framework; name = UIKit.framework; path = System/Library/Frameworks/UIKit.framework; sourceTree = SDKROOT; };
		4EF220791780A0DD0053B58B /* Foundation.framework */ = {isa = PBXFileReference; lastKnownFileType = wrapper.framework; name = Foundation.framework; path = System/Library/Frameworks/Foundation.framework; sourceTree = SDKROOT; };
		4EF2207B1780A0DD0053B58B /* CoreGraphics.framework */ = {isa = PBXFileReference; lastKnownFileType = wrapper.framework; name = CoreGraphics.framework; path = System/Library/Frameworks/CoreGraphics.framework; sourceTree = SDKROOT; };
		4EF2207F1780A0DD0053B58B /* Google Destination Predictions-Info.plist */ = {isa = PBXFileReference; lastKnownFileType = text.plist.xml; path = "Google Destination Predictions-Info.plist"; sourceTree = "<group>"; };
		4EF220811780A0DD0053B58B /* en */ = {isa = PBXFileReference; lastKnownFileType = text.plist.strings; name = en; path = en.lproj/InfoPlist.strings; sourceTree = "<group>"; };
		4EF220831780A0DD0053B58B /* main.m */ = {isa = PBXFileReference; lastKnownFileType = sourcecode.c.objc; path = main.m; sourceTree = "<group>"; };
		4EF220851780A0DD0053B58B /* Google Destination Predictions-Prefix.pch */ = {isa = PBXFileReference; lastKnownFileType = sourcecode.c.h; path = "Google Destination Predictions-Prefix.pch"; sourceTree = "<group>"; };
		4EF220861780A0DD0053B58B /* GDPAppDelegate.h */ = {isa = PBXFileReference; lastKnownFileType = sourcecode.c.h; path = GDPAppDelegate.h; sourceTree = "<group>"; };
		4EF220871780A0DD0053B58B /* GDPAppDelegate.m */ = {isa = PBXFileReference; lastKnownFileType = sourcecode.c.objc; path = GDPAppDelegate.m; sourceTree = "<group>"; };
		4EF220891780A0DD0053B58B /* Default.png */ = {isa = PBXFileReference; lastKnownFileType = image.png; path = Default.png; sourceTree = "<group>"; };
		4EF2208B1780A0DD0053B58B /* Default@2x.png */ = {isa = PBXFileReference; lastKnownFileType = image.png; path = "Default@2x.png"; sourceTree = "<group>"; };
		4EF2208D1780A0DD0053B58B /* Default-568h@2x.png */ = {isa = PBXFileReference; lastKnownFileType = image.png; path = "Default-568h@2x.png"; sourceTree = "<group>"; };
		4EF2208F1780A0DD0053B58B /* GDPViewController.h */ = {isa = PBXFileReference; lastKnownFileType = sourcecode.c.h; path = GDPViewController.h; sourceTree = "<group>"; };
		4EF220901780A0DD0053B58B /* GDPViewController.m */ = {isa = PBXFileReference; lastKnownFileType = sourcecode.c.objc; path = GDPViewController.m; sourceTree = "<group>"; };
		4EF220931780A0DD0053B58B /* en */ = {isa = PBXFileReference; lastKnownFileType = file.xib; name = en; path = en.lproj/GDPViewController.xib; sourceTree = "<group>"; };
		4EF2209D1780A3200053B58B /* ListViewController.h */ = {isa = PBXFileReference; fileEncoding = 4; lastKnownFileType = sourcecode.c.h; path = ListViewController.h; sourceTree = "<group>"; };
		4EF2209E1780A3200053B58B /* ListViewController.m */ = {isa = PBXFileReference; fileEncoding = 4; lastKnownFileType = sourcecode.c.objc; path = ListViewController.m; sourceTree = "<group>"; };
		4EF220A01780B04B0053B58B /* GDPPredictionsResponse.h */ = {isa = PBXFileReference; fileEncoding = 4; lastKnownFileType = sourcecode.c.h; path = GDPPredictionsResponse.h; sourceTree = "<group>"; };
		4EF220A11780B04B0053B58B /* GDPPredictionsResponse.m */ = {isa = PBXFileReference; fileEncoding = 4; lastKnownFileType = sourcecode.c.objc; path = GDPPredictionsResponse.m; sourceTree = "<group>"; };
		4EF220A31780B6800053B58B /* GDPPrediction.h */ = {isa = PBXFileReference; fileEncoding = 4; lastKnownFileType = sourcecode.c.h; path = GDPPrediction.h; sourceTree = "<group>"; };
		4EF220A41780B6800053B58B /* GDPPrediction.m */ = {isa = PBXFileReference; fileEncoding = 4; lastKnownFileType = sourcecode.c.objc; path = GDPPrediction.m; sourceTree = "<group>"; };
/* End PBXFileReference section */

/* Begin PBXFrameworksBuildPhase section */
		4EF220711780A0DD0053B58B /* Frameworks */ = {
			isa = PBXFrameworksBuildPhase;
			buildActionMask = 2147483647;
			files = (
				4EF220781780A0DD0053B58B /* UIKit.framework in Frameworks */,
				4EF2207A1780A0DD0053B58B /* Foundation.framework in Frameworks */,
				4EF2207C1780A0DD0053B58B /* CoreGraphics.framework in Frameworks */,
			);
			runOnlyForDeploymentPostprocessing = 0;
		};
/* End PBXFrameworksBuildPhase section */

/* Begin PBXGroup section */
		4EF2206B1780A0DD0053B58B = {
			isa = PBXGroup;
			children = (
				4EF2207D1780A0DD0053B58B /* Google Destination Predictions */,
				4EF220761780A0DD0053B58B /* Frameworks */,
				4EF220751780A0DD0053B58B /* Products */,
			);
			sourceTree = "<group>";
		};
		4EF220751780A0DD0053B58B /* Products */ = {
			isa = PBXGroup;
			children = (
				4EF220741780A0DD0053B58B /* Google Destination Predictions.app */,
			);
			name = Products;
			sourceTree = "<group>";
		};
		4EF220761780A0DD0053B58B /* Frameworks */ = {
			isa = PBXGroup;
			children = (
				4EF220771780A0DD0053B58B /* UIKit.framework */,
				4EF220791780A0DD0053B58B /* Foundation.framework */,
				4EF2207B1780A0DD0053B58B /* CoreGraphics.framework */,
			);
			name = Frameworks;
			sourceTree = "<group>";
		};
		4EF2207D1780A0DD0053B58B /* Google Destination Predictions */ = {
			isa = PBXGroup;
			children = (
				4EF220861780A0DD0053B58B /* GDPAppDelegate.h */,
				4EF220871780A0DD0053B58B /* GDPAppDelegate.m */,
				4EF2208F1780A0DD0053B58B /* GDPViewController.h */,
				4EF220901780A0DD0053B58B /* GDPViewController.m */,
				4EF220921780A0DD0053B58B /* GDPViewController.xib */,
				4EF2209D1780A3200053B58B /* ListViewController.h */,
				4EF2209E1780A3200053B58B /* ListViewController.m */,
				4EF220A31780B6800053B58B /* GDPPrediction.h */,
				4EF220A41780B6800053B58B /* GDPPrediction.m */,
				4EF220A01780B04B0053B58B /* GDPPredictionsResponse.h */,
				4EF220A11780B04B0053B58B /* GDPPredictionsResponse.m */,
				4EF2207E1780A0DD0053B58B /* Supporting Files */,
			);
			path = "Google Destination Predictions";
			sourceTree = "<group>";
		};
		4EF2207E1780A0DD0053B58B /* Supporting Files */ = {
			isa = PBXGroup;
			children = (
				4EF2207F1780A0DD0053B58B /* Google Destination Predictions-Info.plist */,
				4EF220801780A0DD0053B58B /* InfoPlist.strings */,
				4EF220831780A0DD0053B58B /* main.m */,
				4EF220851780A0DD0053B58B /* Google Destination Predictions-Prefix.pch */,
				4EF220891780A0DD0053B58B /* Default.png */,
				4EF2208B1780A0DD0053B58B /* Default@2x.png */,
				4EF2208D1780A0DD0053B58B /* Default-568h@2x.png */,
			);
			name = "Supporting Files";
			sourceTree = "<group>";
		};
/* End PBXGroup section */

/* Begin PBXNativeTarget section */
		4EF220731780A0DD0053B58B /* Google Destination Predictions */ = {
			isa = PBXNativeTarget;
			buildConfigurationList = 4EF220971780A0DD0053B58B /* Build configuration list for PBXNativeTarget "Google Destination Predictions" */;
			buildPhases = (
				4EF220701780A0DD0053B58B /* Sources */,
				4EF220711780A0DD0053B58B /* Frameworks */,
				4EF220721780A0DD0053B58B /* Resources */,
			);
			buildRules = (
			);
			dependencies = (
			);
			name = "Google Destination Predictions";
			productName = "Google Destination Predictions";
			productReference = 4EF220741780A0DD0053B58B /* Google Destination Predictions.app */;
			productType = "com.apple.product-type.application";
		};
/* End PBXNativeTarget section */

/* Begin PBXProject section */
		4EF2206C1780A0DD0053B58B /* Project object */ = {
			isa = PBXProject;
			attributes = {
				CLASSPREFIX = GDP;
				LastUpgradeCheck = 0460;
				ORGANIZATIONNAME = "One Shot Apps";
			};
			buildConfigurationList = 4EF2206F1780A0DD0053B58B /* Build configuration list for PBXProject "Google Destination Predictions" */;
			compatibilityVersion = "Xcode 3.2";
			developmentRegion = English;
			hasScannedForEncodings = 0;
			knownRegions = (
				en,
			);
			mainGroup = 4EF2206B1780A0DD0053B58B;
			productRefGroup = 4EF220751780A0DD0053B58B /* Products */;
			projectDirPath = "";
			projectRoot = "";
			targets = (
				4EF220731780A0DD0053B58B /* Google Destination Predictions */,
			);
		};
/* End PBXProject section */

/* Begin PBXResourcesBuildPhase section */
		4EF220721780A0DD0053B58B /* Resources */ = {
			isa = PBXResourcesBuildPhase;
			buildActionMask = 2147483647;
			files = (
				4EF220821780A0DD0053B58B /* InfoPlist.strings in Resources */,
				4EF2208A1780A0DD0053B58B /* Default.png in Resources */,
				4EF2208C1780A0DD0053B58B /* Default@2x.png in Resources */,
				4EF2208E1780A0DD0053B58B /* Default-568h@2x.png in Resources */,
				4EF220941780A0DD0053B58B /* GDPViewController.xib in Resources */,
			);
			runOnlyForDeploymentPostprocessing = 0;
		};
/* End PBXResourcesBuildPhase section */

/* Begin PBXSourcesBuildPhase section */
		4EF220701780A0DD0053B58B /* Sources */ = {
			isa = PBXSourcesBuildPhase;
			buildActionMask = 2147483647;
			files = (
				4EF220841780A0DD0053B58B /* main.m in Sources */,
				4EF220881780A0DD0053B58B /* GDPAppDelegate.m in Sources */,
				4EF220911780A0DD0053B58B /* GDPViewController.m in Sources */,
				4EF2209F1780A3200053B58B /* ListViewController.m in Sources */,
				4EF220A21780B04B0053B58B /* GDPPredictionsResponse.m in Sources */,
				4EF220A51780B6810053B58B /* GDPPrediction.m in Sources */,
			);
			runOnlyForDeploymentPostprocessing = 0;
		};
/* End PBXSourcesBuildPhase section */

/* Begin PBXVariantGroup section */
		4EF220801780A0DD0053B58B /* InfoPlist.strings */ = {
			isa = PBXVariantGroup;
			children = (
				4EF220811780A0DD0053B58B /* en */,
			);
			name = InfoPlist.strings;
			sourceTree = "<group>";
		};
		4EF220921780A0DD0053B58B /* GDPViewController.xib */ = {
			isa = PBXVariantGroup;
			children = (
				4EF220931780A0DD0053B58B /* en */,
			);
			name = GDPViewController.xib;
			sourceTree = "<group>";
		};
/* End PBXVariantGroup section */

/* Begin XCBuildConfiguration section */
		4EF220951780A0DD0053B58B /* Debug */ = {
			isa = XCBuildConfiguration;
			buildSettings = {
				ALWAYS_SEARCH_USER_PATHS = NO;
				CLANG_CXX_LANGUAGE_STANDARD = "gnu++0x";
				CLANG_CXX_LIBRARY = "libc++";
				CLANG_ENABLE_OBJC_ARC = YES;
				CLANG_WARN_CONSTANT_CONVERSION = YES;
				CLANG_WARN_EMPTY_BODY = YES;
				CLANG_WARN_ENUM_CONVERSION = YES;
				CLANG_WARN_INT_CONVERSION = YES;
				CLANG_WARN__DUPLICATE_METHOD_MATCH = YES;
				"CODE_SIGN_IDENTITY[sdk=iphoneos*]" = "iPhone Developer";
				COPY_PHASE_STRIP = NO;
				GCC_C_LANGUAGE_STANDARD = gnu99;
				GCC_DYNAMIC_NO_PIC = NO;
				GCC_OPTIMIZATION_LEVEL = 0;
				GCC_PREPROCESSOR_DEFINITIONS = (
					"DEBUG=1",
					"$(inherited)",
				);
				GCC_SYMBOLS_PRIVATE_EXTERN = NO;
				GCC_WARN_ABOUT_RETURN_TYPE = YES;
				GCC_WARN_UNINITIALIZED_AUTOS = YES;
				GCC_WARN_UNUSED_VARIABLE = YES;
				IPHONEOS_DEPLOYMENT_TARGET = 6.1;
				ONLY_ACTIVE_ARCH = YES;
				SDKROOT = iphoneos;
			};
			name = Debug;
		};
		4EF220961780A0DD0053B58B /* Release */ = {
			isa = XCBuildConfiguration;
			buildSettings = {
				ALWAYS_SEARCH_USER_PATHS = NO;
				CLANG_CXX_LANGUAGE_STANDARD = "gnu++0x";
				CLANG_CXX_LIBRARY = "libc++";
				CLANG_ENABLE_OBJC_ARC = YES;
				CLANG_WARN_CONSTANT_CONVERSION = YES;
				CLANG_WARN_EMPTY_BODY = YES;
				CLANG_WARN_ENUM_CONVERSION = YES;
				CLANG_WARN_INT_CONVERSION = YES;
				CLANG_WARN__DUPLICATE_METHOD_MATCH = YES;
				"CODE_SIGN_IDENTITY[sdk=iphoneos*]" = "iPhone Developer";
				COPY_PHASE_STRIP = YES;
				GCC_C_LANGUAGE_STANDARD = gnu99;
				GCC_WARN_ABOUT_RETURN_TYPE = YES;
				GCC_WARN_UNINITIALIZED_AUTOS = YES;
				GCC_WARN_UNUSED_VARIABLE = YES;
				IPHONEOS_DEPLOYMENT_TARGET = 6.1;
				OTHER_CFLAGS = "-DNS_BLOCK_ASSERTIONS=1";
				SDKROOT = iphoneos;
				VALIDATE_PRODUCT = YES;
			};
			name = Release;
		};
		4EF220981780A0DD0053B58B /* Debug */ = {
			isa = XCBuildConfiguration;
			buildSettings = {
				GCC_PRECOMPILE_PREFIX_HEADER = YES;
				GCC_PREFIX_HEADER = "Google Destination Predictions/Google Destination Predictions-Prefix.pch";
				INFOPLIST_FILE = "Google Destination Predictions/Google Destination Predictions-Info.plist";
				PRODUCT_NAME = "$(TARGET_NAME)";
				WRAPPER_EXTENSION = app;
			};
			name = Debug;
		};
		4EF220991780A0DD0053B58B /* Release */ = {
			isa = XCBuildConfiguration;
			buildSettings = {
				GCC_PRECOMPILE_PREFIX_HEADER = YES;
				GCC_PREFIX_HEADER = "Google Destination Predictions/Google Destination Predictions-Prefix.pch";
				INFOPLIST_FILE = "Google Destination Predictions/Google Destination Predictions-Info.plist";
				PRODUCT_NAME = "$(TARGET_NAME)";
				WRAPPER_EXTENSION = app;
			};
			name = Release;
		};
/* End XCBuildConfiguration section */

/* Begin XCConfigurationList section */
		4EF2206F1780A0DD0053B58B /* Build configuration list for PBXProject "Google Destination Predictions" */ = {
			isa = XCConfigurationList;
			buildConfigurations = (
				4EF220951780A0DD0053B58B /* Debug */,
				4EF220961780A0DD0053B58B /* Release */,
			);
			defaultConfigurationIsVisible = 0;
			defaultConfigurationName = Release;
		};
		4EF220971780A0DD0053B58B /* Build configuration list for PBXNativeTarget "Google Destination Predictions" */ = {
			isa = XCConfigurationList;
			buildConfigurations = (
				4EF220981780A0DD0053B58B /* Debug */,
				4EF220991780A0DD0053B58B /* Release */,
			);
			defaultConfigurationIsVisible = 0;
		};
/* End XCConfigurationList section */
	};
	rootObject = 4EF2206C1780A0DD0053B58B /* Project object */;
}
